
Microsoft Visual Studio Solution File, Format Version 12.00
# Visual Studio 15
VisualStudioVersion = 15.0.27428.2015
MinimumVisualStudioVersion = 10.0.40219.1
Project("{888888A0-9F3D-457C-B088-3A5042F75D52}") = "Lection1", "Lection1\Lection1.pyproj", "{75315497-B865-442A-8315-4C54370AA5D9}"
EndProject
Project("{888888A0-9F3D-457C-B088-3A5042F75D52}") = "Lection2", "Lection2\Lection2.pyproj", "{A5B64B08-4C0E-42B8-9CFD-726AA3B35AB1}"
EndProject
Project("{888888A0-9F3D-457C-B088-3A5042F75D52}") = "Lection3", "Lection3\Lection3.pyproj", "{90C93962-9950-4A71-8D23-724FADB8F226}"
EndProject
Project("{888888A0-9F3D-457C-B088-3A5042F75D52}") = "Lection4", "Lection4\Lection4.pyproj", "{23217BDD-D988-405A-9749-E24DAC1308DA}"
EndProject
Project("{888888A0-9F3D-457C-B088-3A5042F75D52}") = "Lection5", "Lection5\Lection5.pyproj", "{D5D46848-9FF1-4A59-B1EF-57BF842EBBEF}"
EndProject
Project("{888888A0-9F3D-457C-B088-3A5042F75D52}") = "Lection6", "Lection6\Lection6.pyproj", "{AE37F357-9667-4C61-8601-BA8C9D7C8D7B}"
EndProject
Project("{888888A0-9F3D-457C-B088-3A5042F75D52}") = "Lection7", "Lection7\Lection7.pyproj", "{41214C9C-E925-47CC-B4CF-D7998DC70D31}"
EndProject
Global
	GlobalSection(SolutionConfigurationPlatforms) = preSolution
		Debug|Any CPU = Debug|Any CPU
		Release|Any CPU = Release|Any CPU
	EndGlobalSection
	GlobalSection(ProjectConfigurationPlatforms) = postSolution
		{75315497-B865-442A-8315-4C54370AA5D9}.Debug|Any CPU.ActiveCfg = Debug|Any CPU
		{75315497-B865-442A-8315-4C54370AA5D9}.Release|Any CPU.ActiveCfg = Release|Any CPU
		{A5B64B08-4C0E-42B8-9CFD-726AA3B35AB1}.Debug|Any CPU.ActiveCfg = Debug|Any CPU
		{A5B64B08-4C0E-42B8-9CFD-726AA3B35AB1}.Release|Any CPU.ActiveCfg = Release|Any CPU
		{90C93962-9950-4A71-8D23-724FADB8F226}.Debug|Any CPU.ActiveCfg = Debug|Any CPU
		{90C93962-9950-4A71-8D23-724FADB8F226}.Release|Any CPU.ActiveCfg = Release|Any CPU
		{23217BDD-D988-405A-9749-E24DAC1308DA}.Debug|Any CPU.ActiveCfg = Debug|Any CPU
		{23217BDD-D988-405A-9749-E24DAC1308DA}.Release|Any CPU.ActiveCfg = Release|Any CPU
		{D5D46848-9FF1-4A59-B1EF-57BF842EBBEF}.Debug|Any CPU.ActiveCfg = Debug|Any CPU
		{D5D46848-9FF1-4A59-B1EF-57BF842EBBEF}.Release|Any CPU.ActiveCfg = Release|Any CPU
		{AE37F357-9667-4C61-8601-BA8C9D7C8D7B}.Debug|Any CPU.ActiveCfg = Debug|Any CPU
		{AE37F357-9667-4C61-8601-BA8C9D7C8D7B}.Release|Any CPU.ActiveCfg = Release|Any CPU
		{41214C9C-E925-47CC-B4CF-D7998DC70D31}.Debug|Any CPU.ActiveCfg = Debug|Any CPU
		{41214C9C-E925-47CC-B4CF-D7998DC70D31}.Release|Any CPU.ActiveCfg = Release|Any CPU
	EndGlobalSection
	GlobalSection(SolutionProperties) = preSolution
		HideSolutionNode = FALSE
	EndGlobalSection
	GlobalSection(ExtensibilityGlobals) = postSolution
		SolutionGuid = {A8CEA278-689F-4F00-A387-55C22BEE0F17}
	EndGlobalSection
EndGlobal
