
Microsoft Visual Studio Solution File, Format Version 12.00
# Visual Studio 15
VisualStudioVersion = 15.0.27428.2015
MinimumVisualStudioVersion = 10.0.40219.1
Project("{888888A0-9F3D-457C-B088-3A5042F75D52}") = "Lection1", "Lection1\Lection1.pyproj", "{75315497-B865-442A-8315-4C54370AA5D9}"
EndProject
Project("{888888A0-9F3D-457C-B088-3A5042F75D52}") = "Lection2", "Lection2\Lection2.pyproj", "{A5B64B08-4C0E-42B8-9CFD-726AA3B35AB1}"
EndProject
Global
	GlobalSection(SolutionConfigurationPlatforms) = preSolution
		Debug|Any CPU = Debug|Any CPU
		Release|Any CPU = Release|Any CPU
	EndGlobalSection
	GlobalSection(ProjectConfigurationPlatforms) = postSolution
		{75315497-B865-442A-8315-4C54370AA5D9}.Debug|Any CPU.ActiveCfg = Debug|Any CPU
		{75315497-B865-442A-8315-4C54370AA5D9}.Release|Any CPU.ActiveCfg = Release|Any CPU
		{A5B64B08-4C0E-42B8-9CFD-726AA3B35AB1}.Debug|Any CPU.ActiveCfg = Debug|Any CPU
		{A5B64B08-4C0E-42B8-9CFD-726AA3B35AB1}.Release|Any CPU.ActiveCfg = Release|Any CPU
	EndGlobalSection
	GlobalSection(SolutionProperties) = preSolution
		HideSolutionNode = FALSE
	EndGlobalSection
	GlobalSection(ExtensibilityGlobals) = postSolution
		SolutionGuid = {A8CEA278-689F-4F00-A387-55C22BEE0F17}
	EndGlobalSection
EndGlobal
